
Microsoft Visual Studio Solution File, Format Version 12.00
# Visual Studio Version 16
VisualStudioVersion = 16.0.33214.272
MinimumVisualStudioVersion = 10.0.40219.1
Project("{FAE04EC0-301F-11D3-BF4B-00C04F79EFBC}") = "LoginAndSignIn-WPF", "LoginAndSignIn-WPF\LoginAndSignIn-WPF.csproj", "{4B1873C7-8404-4A60-99CA-BAC176DB67FA}"
EndProject
Global
	GlobalSection(SolutionConfigurationPlatforms) = preSolution
		Debug|Any CPU = Debug|Any CPU
		Release|Any CPU = Release|Any CPU
	EndGlobalSection
	GlobalSection(ProjectConfigurationPlatforms) = postSolution
		{4B1873C7-8404-4A60-99CA-BAC176DB67FA}.Debug|Any CPU.ActiveCfg = Debug|Any CPU
		{4B1873C7-8404-4A60-99CA-BAC176DB67FA}.Debug|Any CPU.Build.0 = Debug|Any CPU
		{4B1873C7-8404-4A60-99CA-BAC176DB67FA}.Release|Any CPU.ActiveCfg = Release|Any CPU
		{4B1873C7-8404-4A60-99CA-BAC176DB67FA}.Release|Any CPU.Build.0 = Release|Any CPU
	EndGlobalSection
	GlobalSection(SolutionProperties) = preSolution
		HideSolutionNode = FALSE
	EndGlobalSection
	GlobalSection(ExtensibilityGlobals) = postSolution
		SolutionGuid = {8C7CE298-8817-4C43-823E-26D488FA03A5}
	EndGlobalSection
EndGlobal
